
Microsoft Visual Studio Solution File, Format Version 12.00
# Visual Studio 15
VisualStudioVersion = 15.0.25920.0
MinimumVisualStudioVersion = 10.0.40219.1
Project("{FAE04EC0-301F-11D3-BF4B-00C04F79EFBC}") = "Ruc", "Ruc\Ruc.csproj", "{672BC8C2-52C7-4F8F-85E2-39D4E205079B}"
EndProject
Project("{FAE04EC0-301F-11D3-BF4B-00C04F79EFBC}") = "RucTests", "RucTests\RucTests.csproj", "{30E2AAC2-53AB-476B-B4D1-C6A57D0082BC}"
EndProject
Project("{FAE04EC0-301F-11D3-BF4B-00C04F79EFBC}") = "Web.Graph", "Web.Graph\Web.Graph.csproj", "{3CB110AA-6538-49CA-AB73-1B9D25A6CE3F}"
EndProject
Project("{FAE04EC0-301F-11D3-BF4B-00C04F79EFBC}") = "Web.Graph.Tests", "Web.Graph.Tests\Web.Graph.Tests.csproj", "{550ABFC8-028C-4D50-907B-7147628A0C5C}"
EndProject
Global
	GlobalSection(SolutionConfigurationPlatforms) = preSolution
		Debug|Any CPU = Debug|Any CPU
		Debug|x64 = Debug|x64
		Release|Any CPU = Release|Any CPU
		Release|x64 = Release|x64
	EndGlobalSection
	GlobalSection(ProjectConfigurationPlatforms) = postSolution
		{672BC8C2-52C7-4F8F-85E2-39D4E205079B}.Debug|Any CPU.ActiveCfg = Debug|Any CPU
		{672BC8C2-52C7-4F8F-85E2-39D4E205079B}.Debug|Any CPU.Build.0 = Debug|Any CPU
		{672BC8C2-52C7-4F8F-85E2-39D4E205079B}.Debug|x64.ActiveCfg = Debug|x64
		{672BC8C2-52C7-4F8F-85E2-39D4E205079B}.Debug|x64.Build.0 = Debug|x64
		{672BC8C2-52C7-4F8F-85E2-39D4E205079B}.Release|Any CPU.ActiveCfg = Release|Any CPU
		{672BC8C2-52C7-4F8F-85E2-39D4E205079B}.Release|Any CPU.Build.0 = Release|Any CPU
		{672BC8C2-52C7-4F8F-85E2-39D4E205079B}.Release|x64.ActiveCfg = Release|x64
		{672BC8C2-52C7-4F8F-85E2-39D4E205079B}.Release|x64.Build.0 = Release|x64
		{30E2AAC2-53AB-476B-B4D1-C6A57D0082BC}.Debug|Any CPU.ActiveCfg = Debug|Any CPU
		{30E2AAC2-53AB-476B-B4D1-C6A57D0082BC}.Debug|Any CPU.Build.0 = Debug|Any CPU
		{30E2AAC2-53AB-476B-B4D1-C6A57D0082BC}.Debug|x64.ActiveCfg = Debug|Any CPU
		{30E2AAC2-53AB-476B-B4D1-C6A57D0082BC}.Debug|x64.Build.0 = Debug|Any CPU
		{30E2AAC2-53AB-476B-B4D1-C6A57D0082BC}.Release|Any CPU.ActiveCfg = Release|Any CPU
		{30E2AAC2-53AB-476B-B4D1-C6A57D0082BC}.Release|Any CPU.Build.0 = Release|Any CPU
		{30E2AAC2-53AB-476B-B4D1-C6A57D0082BC}.Release|x64.ActiveCfg = Release|Any CPU
		{30E2AAC2-53AB-476B-B4D1-C6A57D0082BC}.Release|x64.Build.0 = Release|Any CPU
		{3CB110AA-6538-49CA-AB73-1B9D25A6CE3F}.Debug|Any CPU.ActiveCfg = Debug|Any CPU
		{3CB110AA-6538-49CA-AB73-1B9D25A6CE3F}.Debug|Any CPU.Build.0 = Debug|Any CPU
		{3CB110AA-6538-49CA-AB73-1B9D25A6CE3F}.Debug|x64.ActiveCfg = Debug|Any CPU
		{3CB110AA-6538-49CA-AB73-1B9D25A6CE3F}.Debug|x64.Build.0 = Debug|Any CPU
		{3CB110AA-6538-49CA-AB73-1B9D25A6CE3F}.Release|Any CPU.ActiveCfg = Release|Any CPU
		{3CB110AA-6538-49CA-AB73-1B9D25A6CE3F}.Release|Any CPU.Build.0 = Release|Any CPU
		{3CB110AA-6538-49CA-AB73-1B9D25A6CE3F}.Release|x64.ActiveCfg = Release|Any CPU
		{3CB110AA-6538-49CA-AB73-1B9D25A6CE3F}.Release|x64.Build.0 = Release|Any CPU
		{550ABFC8-028C-4D50-907B-7147628A0C5C}.Debug|Any CPU.ActiveCfg = Debug|Any CPU
		{550ABFC8-028C-4D50-907B-7147628A0C5C}.Debug|Any CPU.Build.0 = Debug|Any CPU
		{550ABFC8-028C-4D50-907B-7147628A0C5C}.Debug|x64.ActiveCfg = Debug|Any CPU
		{550ABFC8-028C-4D50-907B-7147628A0C5C}.Debug|x64.Build.0 = Debug|Any CPU
		{550ABFC8-028C-4D50-907B-7147628A0C5C}.Release|Any CPU.ActiveCfg = Release|Any CPU
		{550ABFC8-028C-4D50-907B-7147628A0C5C}.Release|Any CPU.Build.0 = Release|Any CPU
		{550ABFC8-028C-4D50-907B-7147628A0C5C}.Release|x64.ActiveCfg = Release|Any CPU
		{550ABFC8-028C-4D50-907B-7147628A0C5C}.Release|x64.Build.0 = Release|Any CPU
	EndGlobalSection
	GlobalSection(SolutionProperties) = preSolution
		HideSolutionNode = FALSE
	EndGlobalSection
EndGlobal
